
Microsoft Visual Studio Solution File, Format Version 12.00
# Visual Studio Version 17
VisualStudioVersion = 17.5.33424.131
MinimumVisualStudioVersion = 10.0.40219.1
Project("{FAE04EC0-301F-11D3-BF4B-00C04F79EFBC}") = "AnalogClock", "AnalogClock\AnalogClock.csproj", "{8B58A76E-E1D8-40B5-8CF1-567DB18384CB}"
EndProject
Global
	GlobalSection(SolutionConfigurationPlatforms) = preSolution
		Debug|Any CPU = Debug|Any CPU
		Release|Any CPU = Release|Any CPU
	EndGlobalSection
	GlobalSection(ProjectConfigurationPlatforms) = postSolution
		{8B58A76E-E1D8-40B5-8CF1-567DB18384CB}.Debug|Any CPU.ActiveCfg = Debug|Any CPU
		{8B58A76E-E1D8-40B5-8CF1-567DB18384CB}.Debug|Any CPU.Build.0 = Debug|Any CPU
		{8B58A76E-E1D8-40B5-8CF1-567DB18384CB}.Release|Any CPU.ActiveCfg = Release|Any CPU
		{8B58A76E-E1D8-40B5-8CF1-567DB18384CB}.Release|Any CPU.Build.0 = Release|Any CPU
	EndGlobalSection
	GlobalSection(SolutionProperties) = preSolution
		HideSolutionNode = FALSE
	EndGlobalSection
	GlobalSection(ExtensibilityGlobals) = postSolution
		SolutionGuid = {1FCF3493-56FB-4BEF-939D-A8B2AACAEF9D}
	EndGlobalSection
EndGlobal
